// !$*UTF8*$!
{
	archiveVersion = 1;
	classes = {
	};
	objectVersion = 56;
	objects = {

/* Begin PBXBuildFile section */
		4A17F45A2AD31705006094FA /* TextFieldRow.swift in Sources */ = {isa = PBXBuildFile; fileRef = 4A17F4592AD31705006094FA /* TextFieldRow.swift */; };
		4A17F45C2AD31B5F006094FA /* Sequence+.swift in Sources */ = {isa = PBXBuildFile; fileRef = 4A17F45B2AD31B5F006094FA /* Sequence+.swift */; };
		4A17F45E2AD3351C006094FA /* ListView.swift in Sources */ = {isa = PBXBuildFile; fileRef = 4A17F45D2AD3351C006094FA /* ListView.swift */; };
		4A3767862AAA298500880FBA /* View+.swift in Sources */ = {isa = PBXBuildFile; fileRef = 4A3767852AAA298500880FBA /* View+.swift */; };
		4A37678B2AAB724B00880FBA /* RadioButton in Frameworks */ = {isa = PBXBuildFile; productRef = 4A37678A2AAB724B00880FBA /* RadioButton */; };
		4A51832C2B051AFD0080355F /* Wizard.swift in Sources */ = {isa = PBXBuildFile; fileRef = 4A51832B2B051AFD0080355F /* Wizard.swift */; };
		4A51E72F2A6AC03600813308 /* Fastlane_UIApp.swift in Sources */ = {isa = PBXBuildFile; fileRef = 4A51E72E2A6AC03600813308 /* Fastlane_UIApp.swift */; };
		4A51E7312A6AC03600813308 /* ContentView.swift in Sources */ = {isa = PBXBuildFile; fileRef = 4A51E7302A6AC03600813308 /* ContentView.swift */; };
		4A51E7332A6AC03700813308 /* Assets.xcassets in Resources */ = {isa = PBXBuildFile; fileRef = 4A51E7322A6AC03700813308 /* Assets.xcassets */; };
		4A51E7362A6AC03700813308 /* Preview Assets.xcassets in Resources */ = {isa = PBXBuildFile; fileRef = 4A51E7352A6AC03700813308 /* Preview Assets.xcassets */; };
		4A51E7412A6AC03700813308 /* Fastlane_UITests.swift in Sources */ = {isa = PBXBuildFile; fileRef = 4A51E7402A6AC03700813308 /* Fastlane_UITests.swift */; };
		4A51E74B2A6AC03700813308 /* Fastlane_UIUITests.swift in Sources */ = {isa = PBXBuildFile; fileRef = 4A51E74A2A6AC03700813308 /* Fastlane_UIUITests.swift */; };
		4A51E74D2A6AC03700813308 /* Fastlane_UIUITestsLaunchTests.swift in Sources */ = {isa = PBXBuildFile; fileRef = 4A51E74C2A6AC03700813308 /* Fastlane_UIUITestsLaunchTests.swift */; };
		4A51E7602A6AC8A000813308 /* FastlaneDeploy.swift in Sources */ = {isa = PBXBuildFile; fileRef = 4A51E75F2A6AC8A000813308 /* FastlaneDeploy.swift */; };
		4A51E7622A6ACAEB00813308 /* AppStorage+Defaults.swift in Sources */ = {isa = PBXBuildFile; fileRef = 4A51E7612A6ACAEB00813308 /* AppStorage+Defaults.swift */; };
		4A7F6BDC2AA62497000FE841 /* DeployApp.swift in Sources */ = {isa = PBXBuildFile; fileRef = 4A7F6BDB2AA62497000FE841 /* DeployApp.swift */; };
		4A7F6BDE2AA71DEC000FE841 /* JiraRelaseNotes.swift in Sources */ = {isa = PBXBuildFile; fileRef = 4A7F6BDD2AA71DEC000FE841 /* JiraRelaseNotes.swift */; };
		4A7F6BE02AA71EA2000FE841 /* FastlaneCommandView.swift in Sources */ = {isa = PBXBuildFile; fileRef = 4A7F6BDF2AA71EA2000FE841 /* FastlaneCommandView.swift */; };
		4A7F6BE32AA72203000FE841 /* Fastlane.swift in Sources */ = {isa = PBXBuildFile; fileRef = 4A7F6BE22AA72203000FE841 /* Fastlane.swift */; };
		4A7F6BE62AA72360000FE841 /* FastlaneGetJiraReleaseNotes.swift in Sources */ = {isa = PBXBuildFile; fileRef = 4A7F6BE52AA72360000FE841 /* FastlaneGetJiraReleaseNotes.swift */; };
		4A7F6BE82AA729DD000FE841 /* VersionNumberView.swift in Sources */ = {isa = PBXBuildFile; fileRef = 4A7F6BE72AA729DD000FE841 /* VersionNumberView.swift */; };
		4A7F6BEA2AA72D3A000FE841 /* FolderViews.swift in Sources */ = {isa = PBXBuildFile; fileRef = 4A7F6BE92AA72D3A000FE841 /* FolderViews.swift */; };
		4A7F6BEF2AA73F0A000FE841 /* script.sh in Resources */ = {isa = PBXBuildFile; fileRef = 4A7F6BEE2AA73C96000FE841 /* script.sh */; };
		4A7F6BF32AA744B3000FE841 /* CommandExecuting.swift in Sources */ = {isa = PBXBuildFile; fileRef = 4A7F6BF22AA744B3000FE841 /* CommandExecuting.swift */; };
		4A7F6BF52AA744F0000FE841 /* CD.swift in Sources */ = {isa = PBXBuildFile; fileRef = 4A7F6BF42AA744F0000FE841 /* CD.swift */; };
		4A7F6BF72AA744FA000FE841 /* CP.swift in Sources */ = {isa = PBXBuildFile; fileRef = 4A7F6BF62AA744FA000FE841 /* CP.swift */; };
		4A7F6BF92AA74617000FE841 /* Shell.swift in Sources */ = {isa = PBXBuildFile; fileRef = 4A7F6BF82AA74617000FE841 /* Shell.swift */; };
		4A7F6BFC2AA74946000FE841 /* Git.swift in Sources */ = {isa = PBXBuildFile; fileRef = 4A7F6BFB2AA74946000FE841 /* Git.swift */; };
		4A7F6C052AA8D3FB000FE841 /* Tools.swift in Sources */ = {isa = PBXBuildFile; fileRef = 4A7F6C042AA8D3FB000FE841 /* Tools.swift */; };
		4A7F6C082AA8E0B2000FE841 /* DefaultValues.swift in Sources */ = {isa = PBXBuildFile; fileRef = 4A7F6C072AA8E0B2000FE841 /* DefaultValues.swift */; };
		4A998F7D2ABAF1F400601FF4 /* Firebase.swift in Sources */ = {isa = PBXBuildFile; fileRef = 4A998F7C2ABAF1F400601FF4 /* Firebase.swift */; };
		4A9BDEA82AB07CDD006B9688 /* RM.swift in Sources */ = {isa = PBXBuildFile; fileRef = 4A9BDEA72AB07CDD006B9688 /* RM.swift */; };
		4ACC352F2AB87A8A00DC013E /* Jira.swift in Sources */ = {isa = PBXBuildFile; fileRef = 4ACC352E2AB87A8A00DC013E /* Jira.swift */; };
		4ACC35332AB87D9200DC013E /* JiraTiketsStatus.swift in Sources */ = {isa = PBXBuildFile; fileRef = 4ACC35322AB87D9200DC013E /* JiraTiketsStatus.swift */; };
		4AD59B732B11002A0089A549 /* GitView.swift in Sources */ = {isa = PBXBuildFile; fileRef = 4AD59B722B11002A0089A549 /* GitView.swift */; };
		4AD59B752B11093A0089A549 /* FirebaseTesters.swift in Sources */ = {isa = PBXBuildFile; fileRef = 4AD59B742B11093A0089A549 /* FirebaseTesters.swift */; };
		4AD59B782B1119360089A549 /* Slack.swift in Sources */ = {isa = PBXBuildFile; fileRef = 4AD59B772B1119360089A549 /* Slack.swift */; };
/* End PBXBuildFile section */

/* Begin PBXContainerItemProxy section */
		4A51E73D2A6AC03700813308 /* PBXContainerItemProxy */ = {
			isa = PBXContainerItemProxy;
			containerPortal = 4A51E7232A6AC03600813308 /* Project object */;
			proxyType = 1;
			remoteGlobalIDString = 4A51E72A2A6AC03600813308;
			remoteInfo = "Fastlane-UI";
		};
		4A51E7472A6AC03700813308 /* PBXContainerItemProxy */ = {
			isa = PBXContainerItemProxy;
			containerPortal = 4A51E7232A6AC03600813308 /* Project object */;
			proxyType = 1;
			remoteGlobalIDString = 4A51E72A2A6AC03600813308;
			remoteInfo = "Fastlane-UI";
		};
/* End PBXContainerItemProxy section */

/* Begin PBXFileReference section */
		4A17F4592AD31705006094FA /* TextFieldRow.swift */ = {isa = PBXFileReference; lastKnownFileType = sourcecode.swift; path = TextFieldRow.swift; sourceTree = "<group>"; };
		4A17F45B2AD31B5F006094FA /* Sequence+.swift */ = {isa = PBXFileReference; lastKnownFileType = sourcecode.swift; path = "Sequence+.swift"; sourceTree = "<group>"; };
		4A17F45D2AD3351C006094FA /* ListView.swift */ = {isa = PBXFileReference; lastKnownFileType = sourcecode.swift; path = ListView.swift; sourceTree = "<group>"; };
		4A3767852AAA298500880FBA /* View+.swift */ = {isa = PBXFileReference; lastKnownFileType = sourcecode.swift; path = "View+.swift"; sourceTree = "<group>"; };
		4A51832B2B051AFD0080355F /* Wizard.swift */ = {isa = PBXFileReference; lastKnownFileType = sourcecode.swift; path = Wizard.swift; sourceTree = "<group>"; };
		4A51E72B2A6AC03600813308 /* Fastlane-UI.app */ = {isa = PBXFileReference; explicitFileType = wrapper.application; includeInIndex = 0; path = "Fastlane-UI.app"; sourceTree = BUILT_PRODUCTS_DIR; };
		4A51E72E2A6AC03600813308 /* Fastlane_UIApp.swift */ = {isa = PBXFileReference; lastKnownFileType = sourcecode.swift; path = Fastlane_UIApp.swift; sourceTree = "<group>"; };
		4A51E7302A6AC03600813308 /* ContentView.swift */ = {isa = PBXFileReference; lastKnownFileType = sourcecode.swift; path = ContentView.swift; sourceTree = "<group>"; };
		4A51E7322A6AC03700813308 /* Assets.xcassets */ = {isa = PBXFileReference; lastKnownFileType = folder.assetcatalog; path = Assets.xcassets; sourceTree = "<group>"; };
		4A51E7352A6AC03700813308 /* Preview Assets.xcassets */ = {isa = PBXFileReference; lastKnownFileType = folder.assetcatalog; path = "Preview Assets.xcassets"; sourceTree = "<group>"; };
		4A51E7372A6AC03700813308 /* Fastlane_UI.entitlements */ = {isa = PBXFileReference; lastKnownFileType = text.plist.entitlements; path = Fastlane_UI.entitlements; sourceTree = "<group>"; };
		4A51E73C2A6AC03700813308 /* Fastlane-UITests.xctest */ = {isa = PBXFileReference; explicitFileType = wrapper.cfbundle; includeInIndex = 0; path = "Fastlane-UITests.xctest"; sourceTree = BUILT_PRODUCTS_DIR; };
		4A51E7402A6AC03700813308 /* Fastlane_UITests.swift */ = {isa = PBXFileReference; lastKnownFileType = sourcecode.swift; path = Fastlane_UITests.swift; sourceTree = "<group>"; };
		4A51E7462A6AC03700813308 /* Fastlane-UIUITests.xctest */ = {isa = PBXFileReference; explicitFileType = wrapper.cfbundle; includeInIndex = 0; path = "Fastlane-UIUITests.xctest"; sourceTree = BUILT_PRODUCTS_DIR; };
		4A51E74A2A6AC03700813308 /* Fastlane_UIUITests.swift */ = {isa = PBXFileReference; lastKnownFileType = sourcecode.swift; path = Fastlane_UIUITests.swift; sourceTree = "<group>"; };
		4A51E74C2A6AC03700813308 /* Fastlane_UIUITestsLaunchTests.swift */ = {isa = PBXFileReference; lastKnownFileType = sourcecode.swift; path = Fastlane_UIUITestsLaunchTests.swift; sourceTree = "<group>"; };
		4A51E75F2A6AC8A000813308 /* FastlaneDeploy.swift */ = {isa = PBXFileReference; lastKnownFileType = sourcecode.swift; path = FastlaneDeploy.swift; sourceTree = "<group>"; };
		4A51E7612A6ACAEB00813308 /* AppStorage+Defaults.swift */ = {isa = PBXFileReference; lastKnownFileType = sourcecode.swift; path = "AppStorage+Defaults.swift"; sourceTree = "<group>"; };
		4A7F6BDB2AA62497000FE841 /* DeployApp.swift */ = {isa = PBXFileReference; lastKnownFileType = sourcecode.swift; path = DeployApp.swift; sourceTree = "<group>"; };
		4A7F6BDD2AA71DEC000FE841 /* JiraRelaseNotes.swift */ = {isa = PBXFileReference; lastKnownFileType = sourcecode.swift; path = JiraRelaseNotes.swift; sourceTree = "<group>"; };
		4A7F6BDF2AA71EA2000FE841 /* FastlaneCommandView.swift */ = {isa = PBXFileReference; lastKnownFileType = sourcecode.swift; path = FastlaneCommandView.swift; sourceTree = "<group>"; };
		4A7F6BE22AA72203000FE841 /* Fastlane.swift */ = {isa = PBXFileReference; lastKnownFileType = sourcecode.swift; path = Fastlane.swift; sourceTree = "<group>"; };
		4A7F6BE52AA72360000FE841 /* FastlaneGetJiraReleaseNotes.swift */ = {isa = PBXFileReference; lastKnownFileType = sourcecode.swift; path = FastlaneGetJiraReleaseNotes.swift; sourceTree = "<group>"; };
		4A7F6BE72AA729DD000FE841 /* VersionNumberView.swift */ = {isa = PBXFileReference; lastKnownFileType = sourcecode.swift; path = VersionNumberView.swift; sourceTree = "<group>"; };
		4A7F6BE92AA72D3A000FE841 /* FolderViews.swift */ = {isa = PBXFileReference; lastKnownFileType = sourcecode.swift; path = FolderViews.swift; sourceTree = "<group>"; };
		4A7F6BEE2AA73C96000FE841 /* script.sh */ = {isa = PBXFileReference; lastKnownFileType = text.script.sh; path = script.sh; sourceTree = "<group>"; };
		4A7F6BF22AA744B3000FE841 /* CommandExecuting.swift */ = {isa = PBXFileReference; lastKnownFileType = sourcecode.swift; path = CommandExecuting.swift; sourceTree = "<group>"; };
		4A7F6BF42AA744F0000FE841 /* CD.swift */ = {isa = PBXFileReference; lastKnownFileType = sourcecode.swift; path = CD.swift; sourceTree = "<group>"; };
		4A7F6BF62AA744FA000FE841 /* CP.swift */ = {isa = PBXFileReference; lastKnownFileType = sourcecode.swift; path = CP.swift; sourceTree = "<group>"; };
		4A7F6BF82AA74617000FE841 /* Shell.swift */ = {isa = PBXFileReference; lastKnownFileType = sourcecode.swift; path = Shell.swift; sourceTree = "<group>"; };
		4A7F6BFB2AA74946000FE841 /* Git.swift */ = {isa = PBXFileReference; lastKnownFileType = sourcecode.swift; path = Git.swift; sourceTree = "<group>"; };
		4A7F6C042AA8D3FB000FE841 /* Tools.swift */ = {isa = PBXFileReference; lastKnownFileType = sourcecode.swift; path = Tools.swift; sourceTree = "<group>"; };
		4A7F6C072AA8E0B2000FE841 /* DefaultValues.swift */ = {isa = PBXFileReference; lastKnownFileType = sourcecode.swift; path = DefaultValues.swift; sourceTree = "<group>"; };
		4A998F7C2ABAF1F400601FF4 /* Firebase.swift */ = {isa = PBXFileReference; lastKnownFileType = sourcecode.swift; path = Firebase.swift; sourceTree = "<group>"; };
		4A9BDEA72AB07CDD006B9688 /* RM.swift */ = {isa = PBXFileReference; lastKnownFileType = sourcecode.swift; path = RM.swift; sourceTree = "<group>"; };
		4ACC352E2AB87A8A00DC013E /* Jira.swift */ = {isa = PBXFileReference; lastKnownFileType = sourcecode.swift; path = Jira.swift; sourceTree = "<group>"; };
		4ACC35322AB87D9200DC013E /* JiraTiketsStatus.swift */ = {isa = PBXFileReference; lastKnownFileType = sourcecode.swift; path = JiraTiketsStatus.swift; sourceTree = "<group>"; };
		4AD59B722B11002A0089A549 /* GitView.swift */ = {isa = PBXFileReference; lastKnownFileType = sourcecode.swift; path = GitView.swift; sourceTree = "<group>"; };
		4AD59B742B11093A0089A549 /* FirebaseTesters.swift */ = {isa = PBXFileReference; lastKnownFileType = sourcecode.swift; path = FirebaseTesters.swift; sourceTree = "<group>"; };
		4AD59B772B1119360089A549 /* Slack.swift */ = {isa = PBXFileReference; lastKnownFileType = sourcecode.swift; path = Slack.swift; sourceTree = "<group>"; };
/* End PBXFileReference section */

/* Begin PBXFrameworksBuildPhase section */
		4A51E7282A6AC03600813308 /* Frameworks */ = {
			isa = PBXFrameworksBuildPhase;
			buildActionMask = 2147483647;
			files = (
				4A37678B2AAB724B00880FBA /* RadioButton in Frameworks */,
			);
			runOnlyForDeploymentPostprocessing = 0;
		};
		4A51E7392A6AC03700813308 /* Frameworks */ = {
			isa = PBXFrameworksBuildPhase;
			buildActionMask = 2147483647;
			files = (
			);
			runOnlyForDeploymentPostprocessing = 0;
		};
		4A51E7432A6AC03700813308 /* Frameworks */ = {
			isa = PBXFrameworksBuildPhase;
			buildActionMask = 2147483647;
			files = (
			);
			runOnlyForDeploymentPostprocessing = 0;
		};
/* End PBXFrameworksBuildPhase section */

/* Begin PBXGroup section */
		4A17F4582AD31457006094FA /* Firebase */ = {
			isa = PBXGroup;
			children = (
				4A998F7C2ABAF1F400601FF4 /* Firebase.swift */,
				4AD59B742B11093A0089A549 /* FirebaseTesters.swift */,
			);
			path = Firebase;
			sourceTree = "<group>";
		};
		4A51832A2B0504440080355F /* Wizard */ = {
			isa = PBXGroup;
			children = (
				4A51832B2B051AFD0080355F /* Wizard.swift */,
			);
			path = Wizard;
			sourceTree = "<group>";
		};
		4A51E7222A6AC03600813308 = {
			isa = PBXGroup;
			children = (
				4A51E72D2A6AC03600813308 /* Fastlane-UI */,
				4A51E73F2A6AC03700813308 /* Fastlane-UITests */,
				4A51E7492A6AC03700813308 /* Fastlane-UIUITests */,
				4A51E72C2A6AC03600813308 /* Products */,
			);
			sourceTree = "<group>";
		};
		4A51E72C2A6AC03600813308 /* Products */ = {
			isa = PBXGroup;
			children = (
				4A51E72B2A6AC03600813308 /* Fastlane-UI.app */,
				4A51E73C2A6AC03700813308 /* Fastlane-UITests.xctest */,
				4A51E7462A6AC03700813308 /* Fastlane-UIUITests.xctest */,
			);
			name = Products;
			sourceTree = "<group>";
		};
		4A51E72D2A6AC03600813308 /* Fastlane-UI */ = {
			isa = PBXGroup;
			children = (
				4A7F6C062AA8E09C000FE841 /* Storage */,
				4A7F6BF02AA74482000FE841 /* Shells */,
				4A7F6BE12AA71EB9000FE841 /* Views */,
				4A51E72E2A6AC03600813308 /* Fastlane_UIApp.swift */,
				4A51E7322A6AC03700813308 /* Assets.xcassets */,
				4A51E7372A6AC03700813308 /* Fastlane_UI.entitlements */,
				4A51E7342A6AC03700813308 /* Preview Content */,
			);
			path = "Fastlane-UI";
			sourceTree = "<group>";
		};
		4A51E7342A6AC03700813308 /* Preview Content */ = {
			isa = PBXGroup;
			children = (
				4A51E7352A6AC03700813308 /* Preview Assets.xcassets */,
			);
			path = "Preview Content";
			sourceTree = "<group>";
		};
		4A51E73F2A6AC03700813308 /* Fastlane-UITests */ = {
			isa = PBXGroup;
			children = (
				4A51E7402A6AC03700813308 /* Fastlane_UITests.swift */,
			);
			path = "Fastlane-UITests";
			sourceTree = "<group>";
		};
		4A51E7492A6AC03700813308 /* Fastlane-UIUITests */ = {
			isa = PBXGroup;
			children = (
				4A51E74A2A6AC03700813308 /* Fastlane_UIUITests.swift */,
				4A51E74C2A6AC03700813308 /* Fastlane_UIUITestsLaunchTests.swift */,
			);
			path = "Fastlane-UIUITests";
			sourceTree = "<group>";
		};
		4A7F6BE12AA71EB9000FE841 /* Views */ = {
			isa = PBXGroup;
			children = (
				4AD59B762B1119230089A549 /* Slack */,
				4AD59B712B11001E0089A549 /* Git */,
				4A51832A2B0504440080355F /* Wizard */,
				4A17F4582AD31457006094FA /* Firebase */,
				4ACC352D2AB87A0100DC013E /* Jira */,
				4A7F6BFD2AA77552000FE841 /* Common */,
				4A51E7302A6AC03600813308 /* ContentView.swift */,
				4A7F6BDB2AA62497000FE841 /* DeployApp.swift */,
				4A7F6C042AA8D3FB000FE841 /* Tools.swift */,
				4A3767852AAA298500880FBA /* View+.swift */,
				4A17F45B2AD31B5F006094FA /* Sequence+.swift */,
			);
			path = Views;
			sourceTree = "<group>";
		};
		4A7F6BE42AA72313000FE841 /* Fastlane */ = {
			isa = PBXGroup;
			children = (
				4A7F6BE22AA72203000FE841 /* Fastlane.swift */,
				4A51E75F2A6AC8A000813308 /* FastlaneDeploy.swift */,
				4A7F6BE52AA72360000FE841 /* FastlaneGetJiraReleaseNotes.swift */,
			);
			path = Fastlane;
			sourceTree = "<group>";
		};
		4A7F6BED2AA73C42000FE841 /* Scripts */ = {
			isa = PBXGroup;
			children = (
				4A7F6BEE2AA73C96000FE841 /* script.sh */,
			);
			path = Scripts;
			sourceTree = "<group>";
		};
		4A7F6BF02AA74482000FE841 /* Shells */ = {
			isa = PBXGroup;
			children = (
				4A7F6BFA2AA74683000FE841 /* Commands */,
				4A7F6BED2AA73C42000FE841 /* Scripts */,
				4A7F6BF22AA744B3000FE841 /* CommandExecuting.swift */,
				4A7F6BF82AA74617000FE841 /* Shell.swift */,
			);
			path = Shells;
			sourceTree = "<group>";
		};
		4A7F6BFA2AA74683000FE841 /* Commands */ = {
			isa = PBXGroup;
			children = (
				4A7F6BE42AA72313000FE841 /* Fastlane */,
				4A7F6BF62AA744FA000FE841 /* CP.swift */,
				4A7F6BF42AA744F0000FE841 /* CD.swift */,
				4A7F6BFB2AA74946000FE841 /* Git.swift */,
				4A9BDEA72AB07CDD006B9688 /* RM.swift */,
			);
			path = Commands;
			sourceTree = "<group>";
		};
		4A7F6BFD2AA77552000FE841 /* Common */ = {
			isa = PBXGroup;
			children = (
				4A7F6BDF2AA71EA2000FE841 /* FastlaneCommandView.swift */,
				4A7F6BE72AA729DD000FE841 /* VersionNumberView.swift */,
				4A7F6BE92AA72D3A000FE841 /* FolderViews.swift */,
				4A17F4592AD31705006094FA /* TextFieldRow.swift */,
				4A17F45D2AD3351C006094FA /* ListView.swift */,
			);
			path = Common;
			sourceTree = "<group>";
		};
		4A7F6C062AA8E09C000FE841 /* Storage */ = {
			isa = PBXGroup;
			children = (
				4A51E7612A6ACAEB00813308 /* AppStorage+Defaults.swift */,
				4A7F6C072AA8E0B2000FE841 /* DefaultValues.swift */,
			);
			path = Storage;
			sourceTree = "<group>";
		};
		4ACC352D2AB87A0100DC013E /* Jira */ = {
			isa = PBXGroup;
			children = (
				4ACC352E2AB87A8A00DC013E /* Jira.swift */,
				4A7F6BDD2AA71DEC000FE841 /* JiraRelaseNotes.swift */,
				4ACC35322AB87D9200DC013E /* JiraTiketsStatus.swift */,
			);
			path = Jira;
			sourceTree = "<group>";
		};
		4AD59B712B11001E0089A549 /* Git */ = {
			isa = PBXGroup;
			children = (
				4AD59B722B11002A0089A549 /* GitView.swift */,
			);
			path = Git;
			sourceTree = "<group>";
		};
		4AD59B762B1119230089A549 /* Slack */ = {
			isa = PBXGroup;
			children = (
				4AD59B772B1119360089A549 /* Slack.swift */,
			);
			path = Slack;
			sourceTree = "<group>";
		};
/* End PBXGroup section */

/* Begin PBXNativeTarget section */
		4A51E72A2A6AC03600813308 /* Fastlane-UI */ = {
			isa = PBXNativeTarget;
			buildConfigurationList = 4A51E7502A6AC03700813308 /* Build configuration list for PBXNativeTarget "Fastlane-UI" */;
			buildPhases = (
				4A51E7272A6AC03600813308 /* Sources */,
				4A51E7282A6AC03600813308 /* Frameworks */,
				4A51E7292A6AC03600813308 /* Resources */,
			);
			buildRules = (
			);
			dependencies = (
			);
			name = "Fastlane-UI";
			packageProductDependencies = (
				4A37678A2AAB724B00880FBA /* RadioButton */,
			);
			productName = "Fastlane-UI";
			productReference = 4A51E72B2A6AC03600813308 /* Fastlane-UI.app */;
			productType = "com.apple.product-type.application";
		};
		4A51E73B2A6AC03700813308 /* Fastlane-UITests */ = {
			isa = PBXNativeTarget;
			buildConfigurationList = 4A51E7532A6AC03700813308 /* Build configuration list for PBXNativeTarget "Fastlane-UITests" */;
			buildPhases = (
				4A51E7382A6AC03700813308 /* Sources */,
				4A51E7392A6AC03700813308 /* Frameworks */,
				4A51E73A2A6AC03700813308 /* Resources */,
			);
			buildRules = (
			);
			dependencies = (
				4A51E73E2A6AC03700813308 /* PBXTargetDependency */,
			);
			name = "Fastlane-UITests";
			productName = "Fastlane-UITests";
			productReference = 4A51E73C2A6AC03700813308 /* Fastlane-UITests.xctest */;
			productType = "com.apple.product-type.bundle.unit-test";
		};
		4A51E7452A6AC03700813308 /* Fastlane-UIUITests */ = {
			isa = PBXNativeTarget;
			buildConfigurationList = 4A51E7562A6AC03700813308 /* Build configuration list for PBXNativeTarget "Fastlane-UIUITests" */;
			buildPhases = (
				4A51E7422A6AC03700813308 /* Sources */,
				4A51E7432A6AC03700813308 /* Frameworks */,
				4A51E7442A6AC03700813308 /* Resources */,
			);
			buildRules = (
			);
			dependencies = (
				4A51E7482A6AC03700813308 /* PBXTargetDependency */,
			);
			name = "Fastlane-UIUITests";
			productName = "Fastlane-UIUITests";
			productReference = 4A51E7462A6AC03700813308 /* Fastlane-UIUITests.xctest */;
			productType = "com.apple.product-type.bundle.ui-testing";
		};
/* End PBXNativeTarget section */

/* Begin PBXProject section */
		4A51E7232A6AC03600813308 /* Project object */ = {
			isa = PBXProject;
			attributes = {
				BuildIndependentTargetsInParallel = 1;
				LastSwiftUpdateCheck = 1430;
				LastUpgradeCheck = 1500;
				TargetAttributes = {
					4A51E72A2A6AC03600813308 = {
						CreatedOnToolsVersion = 14.3.1;
					};
					4A51E73B2A6AC03700813308 = {
						CreatedOnToolsVersion = 14.3.1;
						TestTargetID = 4A51E72A2A6AC03600813308;
					};
					4A51E7452A6AC03700813308 = {
						CreatedOnToolsVersion = 14.3.1;
						TestTargetID = 4A51E72A2A6AC03600813308;
					};
				};
			};
			buildConfigurationList = 4A51E7262A6AC03600813308 /* Build configuration list for PBXProject "Fastlane-UI" */;
			compatibilityVersion = "Xcode 14.0";
			developmentRegion = en;
			hasScannedForEncodings = 0;
			knownRegions = (
				en,
				Base,
			);
			mainGroup = 4A51E7222A6AC03600813308;
			packageReferences = (
				4A3767892AAB724B00880FBA /* XCRemoteSwiftPackageReference "RadioButton" */,
			);
			productRefGroup = 4A51E72C2A6AC03600813308 /* Products */;
			projectDirPath = "";
			projectRoot = "";
			targets = (
				4A51E72A2A6AC03600813308 /* Fastlane-UI */,
				4A51E73B2A6AC03700813308 /* Fastlane-UITests */,
				4A51E7452A6AC03700813308 /* Fastlane-UIUITests */,
			);
		};
/* End PBXProject section */

/* Begin PBXResourcesBuildPhase section */
		4A51E7292A6AC03600813308 /* Resources */ = {
			isa = PBXResourcesBuildPhase;
			buildActionMask = 2147483647;
			files = (
				4A7F6BEF2AA73F0A000FE841 /* script.sh in Resources */,
				4A51E7362A6AC03700813308 /* Preview Assets.xcassets in Resources */,
				4A51E7332A6AC03700813308 /* Assets.xcassets in Resources */,
			);
			runOnlyForDeploymentPostprocessing = 0;
		};
		4A51E73A2A6AC03700813308 /* Resources */ = {
			isa = PBXResourcesBuildPhase;
			buildActionMask = 2147483647;
			files = (
			);
			runOnlyForDeploymentPostprocessing = 0;
		};
		4A51E7442A6AC03700813308 /* Resources */ = {
			isa = PBXResourcesBuildPhase;
			buildActionMask = 2147483647;
			files = (
			);
			runOnlyForDeploymentPostprocessing = 0;
		};
/* End PBXResourcesBuildPhase section */

/* Begin PBXSourcesBuildPhase section */
		4A51E7272A6AC03600813308 /* Sources */ = {
			isa = PBXSourcesBuildPhase;
			buildActionMask = 2147483647;
			files = (
				4ACC35332AB87D9200DC013E /* JiraTiketsStatus.swift in Sources */,
				4A7F6BE32AA72203000FE841 /* Fastlane.swift in Sources */,
				4A51E7602A6AC8A000813308 /* FastlaneDeploy.swift in Sources */,
				4A7F6BEA2AA72D3A000FE841 /* FolderViews.swift in Sources */,
				4A7F6BFC2AA74946000FE841 /* Git.swift in Sources */,
				4A17F45C2AD31B5F006094FA /* Sequence+.swift in Sources */,
				4A51E7312A6AC03600813308 /* ContentView.swift in Sources */,
				4A7F6BE82AA729DD000FE841 /* VersionNumberView.swift in Sources */,
				4A7F6BDE2AA71DEC000FE841 /* JiraRelaseNotes.swift in Sources */,
				4A3767862AAA298500880FBA /* View+.swift in Sources */,
				4A7F6BDC2AA62497000FE841 /* DeployApp.swift in Sources */,
				4A51832C2B051AFD0080355F /* Wizard.swift in Sources */,
				4AD59B732B11002A0089A549 /* GitView.swift in Sources */,
				4A7F6BF52AA744F0000FE841 /* CD.swift in Sources */,
				4A7F6BF72AA744FA000FE841 /* CP.swift in Sources */,
				4A7F6BE02AA71EA2000FE841 /* FastlaneCommandView.swift in Sources */,
				4A51E7622A6ACAEB00813308 /* AppStorage+Defaults.swift in Sources */,
				4A7F6BE62AA72360000FE841 /* FastlaneGetJiraReleaseNotes.swift in Sources */,
				4A17F45E2AD3351C006094FA /* ListView.swift in Sources */,
				4A7F6C082AA8E0B2000FE841 /* DefaultValues.swift in Sources */,
				4A51E72F2A6AC03600813308 /* Fastlane_UIApp.swift in Sources */,
				4A998F7D2ABAF1F400601FF4 /* Firebase.swift in Sources */,
				4AD59B782B1119360089A549 /* Slack.swift in Sources */,
				4A7F6C052AA8D3FB000FE841 /* Tools.swift in Sources */,
				4ACC352F2AB87A8A00DC013E /* Jira.swift in Sources */,
				4A17F45A2AD31705006094FA /* TextFieldRow.swift in Sources */,
				4AD59B752B11093A0089A549 /* FirebaseTesters.swift in Sources */,
				4A7F6BF92AA74617000FE841 /* Shell.swift in Sources */,
				4A9BDEA82AB07CDD006B9688 /* RM.swift in Sources */,
				4A7F6BF32AA744B3000FE841 /* CommandExecuting.swift in Sources */,
			);
			runOnlyForDeploymentPostprocessing = 0;
		};
		4A51E7382A6AC03700813308 /* Sources */ = {
			isa = PBXSourcesBuildPhase;
			buildActionMask = 2147483647;
			files = (
				4A51E7412A6AC03700813308 /* Fastlane_UITests.swift in Sources */,
			);
			runOnlyForDeploymentPostprocessing = 0;
		};
		4A51E7422A6AC03700813308 /* Sources */ = {
			isa = PBXSourcesBuildPhase;
			buildActionMask = 2147483647;
			files = (
				4A51E74D2A6AC03700813308 /* Fastlane_UIUITestsLaunchTests.swift in Sources */,
				4A51E74B2A6AC03700813308 /* Fastlane_UIUITests.swift in Sources */,
			);
			runOnlyForDeploymentPostprocessing = 0;
		};
/* End PBXSourcesBuildPhase section */

/* Begin PBXTargetDependency section */
		4A51E73E2A6AC03700813308 /* PBXTargetDependency */ = {
			isa = PBXTargetDependency;
			target = 4A51E72A2A6AC03600813308 /* Fastlane-UI */;
			targetProxy = 4A51E73D2A6AC03700813308 /* PBXContainerItemProxy */;
		};
		4A51E7482A6AC03700813308 /* PBXTargetDependency */ = {
			isa = PBXTargetDependency;
			target = 4A51E72A2A6AC03600813308 /* Fastlane-UI */;
			targetProxy = 4A51E7472A6AC03700813308 /* PBXContainerItemProxy */;
		};
/* End PBXTargetDependency section */

/* Begin XCBuildConfiguration section */
		4A51E74E2A6AC03700813308 /* Debug */ = {
			isa = XCBuildConfiguration;
			buildSettings = {
				ALWAYS_SEARCH_USER_PATHS = NO;
				CLANG_ANALYZER_NONNULL = YES;
				CLANG_ANALYZER_NUMBER_OBJECT_CONVERSION = YES_AGGRESSIVE;
				CLANG_CXX_LANGUAGE_STANDARD = "gnu++20";
				CLANG_ENABLE_MODULES = YES;
				CLANG_ENABLE_OBJC_ARC = YES;
				CLANG_ENABLE_OBJC_WEAK = YES;
				CLANG_WARN_BLOCK_CAPTURE_AUTORELEASING = YES;
				CLANG_WARN_BOOL_CONVERSION = YES;
				CLANG_WARN_COMMA = YES;
				CLANG_WARN_CONSTANT_CONVERSION = YES;
				CLANG_WARN_DEPRECATED_OBJC_IMPLEMENTATIONS = YES;
				CLANG_WARN_DIRECT_OBJC_ISA_USAGE = YES_ERROR;
				CLANG_WARN_DOCUMENTATION_COMMENTS = YES;
				CLANG_WARN_EMPTY_BODY = YES;
				CLANG_WARN_ENUM_CONVERSION = YES;
				CLANG_WARN_INFINITE_RECURSION = YES;
				CLANG_WARN_INT_CONVERSION = YES;
				CLANG_WARN_NON_LITERAL_NULL_CONVERSION = YES;
				CLANG_WARN_OBJC_IMPLICIT_RETAIN_SELF = YES;
				CLANG_WARN_OBJC_LITERAL_CONVERSION = YES;
				CLANG_WARN_OBJC_ROOT_CLASS = YES_ERROR;
				CLANG_WARN_QUOTED_INCLUDE_IN_FRAMEWORK_HEADER = YES;
				CLANG_WARN_RANGE_LOOP_ANALYSIS = YES;
				CLANG_WARN_STRICT_PROTOTYPES = YES;
				CLANG_WARN_SUSPICIOUS_MOVE = YES;
				CLANG_WARN_UNGUARDED_AVAILABILITY = YES_AGGRESSIVE;
				CLANG_WARN_UNREACHABLE_CODE = YES;
				CLANG_WARN__DUPLICATE_METHOD_MATCH = YES;
				COPY_PHASE_STRIP = NO;
				DEAD_CODE_STRIPPING = YES;
				DEBUG_INFORMATION_FORMAT = dwarf;
				ENABLE_STRICT_OBJC_MSGSEND = YES;
				ENABLE_TESTABILITY = YES;
				ENABLE_USER_SCRIPT_SANDBOXING = YES;
				GCC_C_LANGUAGE_STANDARD = gnu11;
				GCC_DYNAMIC_NO_PIC = NO;
				GCC_NO_COMMON_BLOCKS = YES;
				GCC_OPTIMIZATION_LEVEL = 0;
				GCC_PREPROCESSOR_DEFINITIONS = (
					"DEBUG=1",
					"$(inherited)",
				);
				GCC_WARN_64_TO_32_BIT_CONVERSION = YES;
				GCC_WARN_ABOUT_RETURN_TYPE = YES_ERROR;
				GCC_WARN_UNDECLARED_SELECTOR = YES;
				GCC_WARN_UNINITIALIZED_AUTOS = YES_AGGRESSIVE;
				GCC_WARN_UNUSED_FUNCTION = YES;
				GCC_WARN_UNUSED_VARIABLE = YES;
				MACOSX_DEPLOYMENT_TARGET = 13.3;
				MTL_ENABLE_DEBUG_INFO = INCLUDE_SOURCE;
				MTL_FAST_MATH = YES;
				ONLY_ACTIVE_ARCH = YES;
				SDKROOT = macosx;
				SWIFT_ACTIVE_COMPILATION_CONDITIONS = DEBUG;
				SWIFT_OPTIMIZATION_LEVEL = "-Onone";
			};
			name = Debug;
		};
		4A51E74F2A6AC03700813308 /* Release */ = {
			isa = XCBuildConfiguration;
			buildSettings = {
				ALWAYS_SEARCH_USER_PATHS = NO;
				CLANG_ANALYZER_NONNULL = YES;
				CLANG_ANALYZER_NUMBER_OBJECT_CONVERSION = YES_AGGRESSIVE;
				CLANG_CXX_LANGUAGE_STANDARD = "gnu++20";
				CLANG_ENABLE_MODULES = YES;
				CLANG_ENABLE_OBJC_ARC = YES;
				CLANG_ENABLE_OBJC_WEAK = YES;
				CLANG_WARN_BLOCK_CAPTURE_AUTORELEASING = YES;
				CLANG_WARN_BOOL_CONVERSION = YES;
				CLANG_WARN_COMMA = YES;
				CLANG_WARN_CONSTANT_CONVERSION = YES;
				CLANG_WARN_DEPRECATED_OBJC_IMPLEMENTATIONS = YES;
				CLANG_WARN_DIRECT_OBJC_ISA_USAGE = YES_ERROR;
				CLANG_WARN_DOCUMENTATION_COMMENTS = YES;
				CLANG_WARN_EMPTY_BODY = YES;
				CLANG_WARN_ENUM_CONVERSION = YES;
				CLANG_WARN_INFINITE_RECURSION = YES;
				CLANG_WARN_INT_CONVERSION = YES;
				CLANG_WARN_NON_LITERAL_NULL_CONVERSION = YES;
				CLANG_WARN_OBJC_IMPLICIT_RETAIN_SELF = YES;
				CLANG_WARN_OBJC_LITERAL_CONVERSION = YES;
				CLANG_WARN_OBJC_ROOT_CLASS = YES_ERROR;
				CLANG_WARN_QUOTED_INCLUDE_IN_FRAMEWORK_HEADER = YES;
				CLANG_WARN_RANGE_LOOP_ANALYSIS = YES;
				CLANG_WARN_STRICT_PROTOTYPES = YES;
				CLANG_WARN_SUSPICIOUS_MOVE = YES;
				CLANG_WARN_UNGUARDED_AVAILABILITY = YES_AGGRESSIVE;
				CLANG_WARN_UNREACHABLE_CODE = YES;
				CLANG_WARN__DUPLICATE_METHOD_MATCH = YES;
				COPY_PHASE_STRIP = NO;
				DEAD_CODE_STRIPPING = YES;
				DEBUG_INFORMATION_FORMAT = "dwarf-with-dsym";
				ENABLE_NS_ASSERTIONS = NO;
				ENABLE_STRICT_OBJC_MSGSEND = YES;
				ENABLE_USER_SCRIPT_SANDBOXING = YES;
				GCC_C_LANGUAGE_STANDARD = gnu11;
				GCC_NO_COMMON_BLOCKS = YES;
				GCC_WARN_64_TO_32_BIT_CONVERSION = YES;
				GCC_WARN_ABOUT_RETURN_TYPE = YES_ERROR;
				GCC_WARN_UNDECLARED_SELECTOR = YES;
				GCC_WARN_UNINITIALIZED_AUTOS = YES_AGGRESSIVE;
				GCC_WARN_UNUSED_FUNCTION = YES;
				GCC_WARN_UNUSED_VARIABLE = YES;
				MACOSX_DEPLOYMENT_TARGET = 13.3;
				MTL_ENABLE_DEBUG_INFO = NO;
				MTL_FAST_MATH = YES;
				SDKROOT = macosx;
				SWIFT_COMPILATION_MODE = wholemodule;
				SWIFT_OPTIMIZATION_LEVEL = "-O";
			};
			name = Release;
		};
		4A51E7512A6AC03700813308 /* Debug */ = {
			isa = XCBuildConfiguration;
			buildSettings = {
				ASSETCATALOG_COMPILER_APPICON_NAME = AppIcon;
				ASSETCATALOG_COMPILER_GLOBAL_ACCENT_COLOR_NAME = AccentColor;
				CODE_SIGN_ENTITLEMENTS = "Fastlane-UI/Fastlane_UI.entitlements";
				CODE_SIGN_STYLE = Automatic;
				COMBINE_HIDPI_IMAGES = YES;
				CURRENT_PROJECT_VERSION = 1;
				DEAD_CODE_STRIPPING = YES;
				DEVELOPMENT_ASSET_PATHS = "\"Fastlane-UI/Preview Content\"";
				DEVELOPMENT_TEAM = G58Y4PZ34Q;
				ENABLE_HARDENED_RUNTIME = YES;
				ENABLE_PREVIEWS = YES;
				GENERATE_INFOPLIST_FILE = YES;
				INFOPLIST_KEY_NSHumanReadableCopyright = "";
				LD_RUNPATH_SEARCH_PATHS = (
					"$(inherited)",
					"@executable_path/../Frameworks",
				);
				MARKETING_VERSION = 1.0;
				PRODUCT_BUNDLE_IDENTIFIER = "it.lukluca.Fastlane-UI";
				PRODUCT_NAME = "$(TARGET_NAME)";
				SWIFT_EMIT_LOC_STRINGS = YES;
				SWIFT_VERSION = 5.0;
			};
			name = Debug;
		};
		4A51E7522A6AC03700813308 /* Release */ = {
			isa = XCBuildConfiguration;
			buildSettings = {
				ASSETCATALOG_COMPILER_APPICON_NAME = AppIcon;
				ASSETCATALOG_COMPILER_GLOBAL_ACCENT_COLOR_NAME = AccentColor;
				CODE_SIGN_ENTITLEMENTS = "Fastlane-UI/Fastlane_UI.entitlements";
				CODE_SIGN_STYLE = Automatic;
				COMBINE_HIDPI_IMAGES = YES;
				CURRENT_PROJECT_VERSION = 1;
				DEAD_CODE_STRIPPING = YES;
				DEVELOPMENT_ASSET_PATHS = "\"Fastlane-UI/Preview Content\"";
				DEVELOPMENT_TEAM = G58Y4PZ34Q;
				ENABLE_HARDENED_RUNTIME = YES;
				ENABLE_PREVIEWS = YES;
				GENERATE_INFOPLIST_FILE = YES;
				INFOPLIST_KEY_NSHumanReadableCopyright = "";
				LD_RUNPATH_SEARCH_PATHS = (
					"$(inherited)",
					"@executable_path/../Frameworks",
				);
				MARKETING_VERSION = 1.0;
				PRODUCT_BUNDLE_IDENTIFIER = "it.lukluca.Fastlane-UI";
				PRODUCT_NAME = "$(TARGET_NAME)";
				SWIFT_EMIT_LOC_STRINGS = YES;
				SWIFT_VERSION = 5.0;
			};
			name = Release;
		};
		4A51E7542A6AC03700813308 /* Debug */ = {
			isa = XCBuildConfiguration;
			buildSettings = {
				ALWAYS_EMBED_SWIFT_STANDARD_LIBRARIES = YES;
				BUNDLE_LOADER = "$(TEST_HOST)";
				CODE_SIGN_STYLE = Automatic;
				CURRENT_PROJECT_VERSION = 1;
				DEAD_CODE_STRIPPING = YES;
				DEVELOPMENT_TEAM = G58Y4PZ34Q;
				GENERATE_INFOPLIST_FILE = YES;
				MACOSX_DEPLOYMENT_TARGET = 13.3;
				MARKETING_VERSION = 1.0;
				PRODUCT_BUNDLE_IDENTIFIER = "it.lukluca.Fastlane-UITests";
				PRODUCT_NAME = "$(TARGET_NAME)";
				SWIFT_EMIT_LOC_STRINGS = NO;
				SWIFT_VERSION = 5.0;
				TEST_HOST = "$(BUILT_PRODUCTS_DIR)/Fastlane-UI.app/$(BUNDLE_EXECUTABLE_FOLDER_PATH)/Fastlane-UI";
			};
			name = Debug;
		};
		4A51E7552A6AC03700813308 /* Release */ = {
			isa = XCBuildConfiguration;
			buildSettings = {
				ALWAYS_EMBED_SWIFT_STANDARD_LIBRARIES = YES;
				BUNDLE_LOADER = "$(TEST_HOST)";
				CODE_SIGN_STYLE = Automatic;
				CURRENT_PROJECT_VERSION = 1;
				DEAD_CODE_STRIPPING = YES;
				DEVELOPMENT_TEAM = G58Y4PZ34Q;
				GENERATE_INFOPLIST_FILE = YES;
				MACOSX_DEPLOYMENT_TARGET = 13.3;
				MARKETING_VERSION = 1.0;
				PRODUCT_BUNDLE_IDENTIFIER = "it.lukluca.Fastlane-UITests";
				PRODUCT_NAME = "$(TARGET_NAME)";
				SWIFT_EMIT_LOC_STRINGS = NO;
				SWIFT_VERSION = 5.0;
				TEST_HOST = "$(BUILT_PRODUCTS_DIR)/Fastlane-UI.app/$(BUNDLE_EXECUTABLE_FOLDER_PATH)/Fastlane-UI";
			};
			name = Release;
		};
		4A51E7572A6AC03700813308 /* Debug */ = {
			isa = XCBuildConfiguration;
			buildSettings = {
				ALWAYS_EMBED_SWIFT_STANDARD_LIBRARIES = YES;
				CODE_SIGN_STYLE = Automatic;
				CURRENT_PROJECT_VERSION = 1;
				DEAD_CODE_STRIPPING = YES;
				DEVELOPMENT_TEAM = G58Y4PZ34Q;
				GENERATE_INFOPLIST_FILE = YES;
				MARKETING_VERSION = 1.0;
				PRODUCT_BUNDLE_IDENTIFIER = "it.lukluca.Fastlane-UIUITests";
				PRODUCT_NAME = "$(TARGET_NAME)";
				SWIFT_EMIT_LOC_STRINGS = NO;
				SWIFT_VERSION = 5.0;
				TEST_TARGET_NAME = "Fastlane-UI";
			};
			name = Debug;
		};
		4A51E7582A6AC03700813308 /* Release */ = {
			isa = XCBuildConfiguration;
			buildSettings = {
				ALWAYS_EMBED_SWIFT_STANDARD_LIBRARIES = YES;
				CODE_SIGN_STYLE = Automatic;
				CURRENT_PROJECT_VERSION = 1;
				DEAD_CODE_STRIPPING = YES;
				DEVELOPMENT_TEAM = G58Y4PZ34Q;
				GENERATE_INFOPLIST_FILE = YES;
				MARKETING_VERSION = 1.0;
				PRODUCT_BUNDLE_IDENTIFIER = "it.lukluca.Fastlane-UIUITests";
				PRODUCT_NAME = "$(TARGET_NAME)";
				SWIFT_EMIT_LOC_STRINGS = NO;
				SWIFT_VERSION = 5.0;
				TEST_TARGET_NAME = "Fastlane-UI";
			};
			name = Release;
		};
/* End XCBuildConfiguration section */

/* Begin XCConfigurationList section */
		4A51E7262A6AC03600813308 /* Build configuration list for PBXProject "Fastlane-UI" */ = {
			isa = XCConfigurationList;
			buildConfigurations = (
				4A51E74E2A6AC03700813308 /* Debug */,
				4A51E74F2A6AC03700813308 /* Release */,
			);
			defaultConfigurationIsVisible = 0;
			defaultConfigurationName = Release;
		};
		4A51E7502A6AC03700813308 /* Build configuration list for PBXNativeTarget "Fastlane-UI" */ = {
			isa = XCConfigurationList;
			buildConfigurations = (
				4A51E7512A6AC03700813308 /* Debug */,
				4A51E7522A6AC03700813308 /* Release */,
			);
			defaultConfigurationIsVisible = 0;
			defaultConfigurationName = Release;
		};
		4A51E7532A6AC03700813308 /* Build configuration list for PBXNativeTarget "Fastlane-UITests" */ = {
			isa = XCConfigurationList;
			buildConfigurations = (
				4A51E7542A6AC03700813308 /* Debug */,
				4A51E7552A6AC03700813308 /* Release */,
			);
			defaultConfigurationIsVisible = 0;
			defaultConfigurationName = Release;
		};
		4A51E7562A6AC03700813308 /* Build configuration list for PBXNativeTarget "Fastlane-UIUITests" */ = {
			isa = XCConfigurationList;
			buildConfigurations = (
				4A51E7572A6AC03700813308 /* Debug */,
				4A51E7582A6AC03700813308 /* Release */,
			);
			defaultConfigurationIsVisible = 0;
			defaultConfigurationName = Release;
		};
/* End XCConfigurationList section */

/* Begin XCRemoteSwiftPackageReference section */
		4A3767892AAB724B00880FBA /* XCRemoteSwiftPackageReference "RadioButton" */ = {
			isa = XCRemoteSwiftPackageReference;
			repositoryURL = "https://github.com/lukluca/RadioButton";
			requirement = {
				kind = upToNextMajorVersion;
				minimumVersion = 1.2.0;
			};
		};
/* End XCRemoteSwiftPackageReference section */

/* Begin XCSwiftPackageProductDependency section */
		4A37678A2AAB724B00880FBA /* RadioButton */ = {
			isa = XCSwiftPackageProductDependency;
			package = 4A3767892AAB724B00880FBA /* XCRemoteSwiftPackageReference "RadioButton" */;
			productName = RadioButton;
		};
/* End XCSwiftPackageProductDependency section */
	};
	rootObject = 4A51E7232A6AC03600813308 /* Project object */;
}
