{
  "pins" : [
    {
      "identity" : "radiobutton",
      "kind" : "remoteSourceControl",
      "location" : "https://github.com/lukluca/RadioButton",
      "state" : {
        "revision" : "c481cecb8133775210ba0487c57d1d9174e3aa6d",
        "version" : "1.2.0"
      }
    }
  ],
  "version" : 2
}
